
Microsoft Visual Studio Solution File, Format Version 12.00
# Visual Studio Version 16
VisualStudioVersion = 16.0.34031.81
MinimumVisualStudioVersion = 10.0.40219.1
Project("{FAE04EC0-301F-11D3-BF4B-00C04F79EFBC}") = "Picture01", "Picture01\Picture01.csproj", "{5BA26E2D-C41F-4099-937F-5C19D029D22A}"
EndProject
Global
	GlobalSection(SolutionConfigurationPlatforms) = preSolution
		Debug|Any CPU = Debug|Any CPU
		Release|Any CPU = Release|Any CPU
	EndGlobalSection
	GlobalSection(ProjectConfigurationPlatforms) = postSolution
		{5BA26E2D-C41F-4099-937F-5C19D029D22A}.Debug|Any CPU.ActiveCfg = Debug|Any CPU
		{5BA26E2D-C41F-4099-937F-5C19D029D22A}.Debug|Any CPU.Build.0 = Debug|Any CPU
		{5BA26E2D-C41F-4099-937F-5C19D029D22A}.Release|Any CPU.ActiveCfg = Release|Any CPU
		{5BA26E2D-C41F-4099-937F-5C19D029D22A}.Release|Any CPU.Build.0 = Release|Any CPU
	EndGlobalSection
	GlobalSection(SolutionProperties) = preSolution
		HideSolutionNode = FALSE
	EndGlobalSection
	GlobalSection(ExtensibilityGlobals) = postSolution
		SolutionGuid = {ED2DD457-7197-4AAC-8DC3-67002C8108A9}
	EndGlobalSection
EndGlobal
